
Microsoft Visual Studio Solution File, Format Version 12.00
# Visual Studio Version 16
VisualStudioVersion = 16.0.29318.209
MinimumVisualStudioVersion = 10.0.40219.1
Project("{FAE04EC0-301F-11D3-BF4B-00C04F79EFBC}") = "ChatLab", "ChatLab\ChatLab.csproj", "{B88C4AF5-D1BF-428C-948C-A0C23E989FDE}"
EndProject
Global
	GlobalSection(SolutionConfigurationPlatforms) = preSolution
		Debug|Any CPU = Debug|Any CPU
		Release|Any CPU = Release|Any CPU
	EndGlobalSection
	GlobalSection(ProjectConfigurationPlatforms) = postSolution
		{B88C4AF5-D1BF-428C-948C-A0C23E989FDE}.Debug|Any CPU.ActiveCfg = Debug|Any CPU
		{B88C4AF5-D1BF-428C-948C-A0C23E989FDE}.Debug|Any CPU.Build.0 = Debug|Any CPU
		{B88C4AF5-D1BF-428C-948C-A0C23E989FDE}.Release|Any CPU.ActiveCfg = Release|Any CPU
		{B88C4AF5-D1BF-428C-948C-A0C23E989FDE}.Release|Any CPU.Build.0 = Release|Any CPU
	EndGlobalSection
	GlobalSection(SolutionProperties) = preSolution
		HideSolutionNode = FALSE
	EndGlobalSection
	GlobalSection(ExtensibilityGlobals) = postSolution
		SolutionGuid = {CC494E5D-7507-42FA-9E51-2D8FA2703D61}
	EndGlobalSection
EndGlobal
